
Microsoft Visual Studio Solution File, Format Version 12.00
# Visual Studio 14
VisualStudioVersion = 14.0.25420.1
MinimumVisualStudioVersion = 10.0.40219.1
Project("{8BC9CEB8-8B4A-11D0-8D11-00A0C91BC942}") = "CPP2D", "CPP2D\CPP2D.vcxproj", "{F60FFC9A-3941-4F21-81E0-7E23E54E8F93}"
EndProject
Project("{8BC9CEB8-8B4A-11D0-8D11-00A0C91BC942}") = "CPP2D_UT_CPP", "CPP2D_UT_CPP\CPP2D_UT_CPP.vcxproj", "{1981F516-28E6-4905-B4E8-BD38982CBCE8}"
EndProject
Global
	GlobalSection(Performance) = preSolution
		HasPerformanceSessions = true
	EndGlobalSection
	GlobalSection(SolutionConfigurationPlatforms) = preSolution
		Debug|x64 = Debug|x64
		Debug|x86 = Debug|x86
		Release|x64 = Release|x64
		Release|x86 = Release|x86
	EndGlobalSection
	GlobalSection(ProjectConfigurationPlatforms) = postSolution
		{F60FFC9A-3941-4F21-81E0-7E23E54E8F93}.Debug|x64.ActiveCfg = Debug|x64
		{F60FFC9A-3941-4F21-81E0-7E23E54E8F93}.Debug|x64.Build.0 = Debug|x64
		{F60FFC9A-3941-4F21-81E0-7E23E54E8F93}.Debug|x86.ActiveCfg = Debug|Win32
		{F60FFC9A-3941-4F21-81E0-7E23E54E8F93}.Debug|x86.Build.0 = Debug|Win32
		{F60FFC9A-3941-4F21-81E0-7E23E54E8F93}.Release|x64.ActiveCfg = Release|x64
		{F60FFC9A-3941-4F21-81E0-7E23E54E8F93}.Release|x64.Build.0 = Release|x64
		{F60FFC9A-3941-4F21-81E0-7E23E54E8F93}.Release|x86.ActiveCfg = Release|Win32
		{F60FFC9A-3941-4F21-81E0-7E23E54E8F93}.Release|x86.Build.0 = Release|Win32
		{1981F516-28E6-4905-B4E8-BD38982CBCE8}.Debug|x64.ActiveCfg = Debug|x64
		{1981F516-28E6-4905-B4E8-BD38982CBCE8}.Debug|x64.Build.0 = Debug|x64
		{1981F516-28E6-4905-B4E8-BD38982CBCE8}.Debug|x86.ActiveCfg = Debug|Win32
		{1981F516-28E6-4905-B4E8-BD38982CBCE8}.Debug|x86.Build.0 = Debug|Win32
		{1981F516-28E6-4905-B4E8-BD38982CBCE8}.Release|x64.ActiveCfg = Release|x64
		{1981F516-28E6-4905-B4E8-BD38982CBCE8}.Release|x64.Build.0 = Release|x64
		{1981F516-28E6-4905-B4E8-BD38982CBCE8}.Release|x86.ActiveCfg = Release|Win32
		{1981F516-28E6-4905-B4E8-BD38982CBCE8}.Release|x86.Build.0 = Release|Win32
	EndGlobalSection
	GlobalSection(SolutionProperties) = preSolution
		HideSolutionNode = FALSE
	EndGlobalSection
EndGlobal
